# This file is automatically @generated by Poetry 2.3.2 and should not be changed by hand.

[[package]]
name = "annotated-doc"
version = "0.0.4"
description = "Document parameters, class attributes, return types, and variables inline, with Annotated."
optional = false
python-versions = ">=3.8"
groups = ["main"]
files = [
    {file = "annotated_doc-0.0.4-py3-none-any.whl", hash = "sha256:571ac1dc6991c450b25a9c2d84a3705e2ae7a53467b5d111c24fa8baabbed320"},
    {file = "annotated_doc-0.0.4.tar.gz", hash = "sha256:fbcda96e87e9c92ad167c2e53839e57503ecfda18804ea28102353485033faa4"},
]

[[package]]
name = "colorama"
version = "0.4.6"
description = "Cross-platform colored terminal text."
optional = false
python-versions = "!=3.0.*,!=3.1.*,!=3.2.*,!=3.3.*,!=3.4.*,!=3.5.*,!=3.6.*,>=2.7"
groups = ["main", "dev"]
files = [
    {file = "colorama-0.4.6-py2.py3-none-any.whl", hash = "sha256:4f1d9991f5acc0ca119f9d443620b77f9d6b33703e51011c16baf57afb285fc6"},
    {file = "colorama-0.4.6.tar.gz", hash = "sha256:08695f5cb7ed6e0531a20572697297273c47b8cae5a63ffc6d6ed5c201be6e44"},
]
markers = {main = "platform_system == \"Windows\"", dev = "sys_platform == \"win32\""}

[[package]]
name = "iniconfig"
version = "2.3.0"
description = "brain-dead simple config-ini parsing"
optional = false
python-versions = ">=3.10"
groups = ["dev"]
files = [
    {file = "iniconfig-2.3.0-py3-none-any.whl", hash = "sha256:f631c04d2c48c52b84d0d0549c99ff3859c98df65b3101406327ecc7d53fbf12"},
    {file = "iniconfig-2.3.0.tar.gz", hash = "sha256:c76315c77db068650d49c5b56314774a7804df16fee4402c1f19d6d15d8c4730"},
]

[[package]]
name = "markdown-it-py"
version = "4.2.0"
description = "Python port of markdown-it. Markdown parsing, done right!"
optional = false
python-versions = ">=3.10"
groups = ["main"]
files = [
    {file = "markdown_it_py-4.2.0-py3-none-any.whl", hash = "sha256:9f7ebbcd14fe59494226453aed97c1070d83f8d24b6fc3a3bcf9a38092641c4a"},
    {file = "markdown_it_py-4.2.0.tar.gz", hash = "sha256:04a21681d6fbb623de53f6f364d352309d4094dd4194040a10fd51833e418d49"},
]

[package.dependencies]
mdurl = ">=0.1,<1.0"

[package.extras]
benchmarking = ["psutil", "pytest", "pytest-benchmark"]
compare = ["commonmark (>=0.9,<1.0)", "markdown (>=3.4,<4.0)", "markdown-it-pyrs", "mistletoe (>=1.0,<2.0)", "mistune (>=3.0,<4.0)", "panflute (>=2.3,<3.0)"]
linkify = ["linkify-it-py (>=1,<3)"]
plugins = ["mdit-py-plugins (>=0.5.0)"]
profiling = ["gprof2dot"]
rtd = ["ipykernel", "jupyter_sphinx", "mdit-py-plugins (>=0.5.0)", "myst-parser", "pyyaml", "sphinx", "sphinx-book-theme (>=1.0,<2.0)", "sphinx-copybutton", "sphinx-design"]
testing = ["coverage", "pytest", "pytest-cov", "pytest-regressions", "pytest-timeout", "requests"]

[[package]]
name = "mdurl"
version = "0.1.2"
description = "Markdown URL utilities"
optional = false
python-versions = ">=3.7"
groups = ["main"]
files = [
    {file = "mdurl-0.1.2-py3-none-any.whl", hash = "sha256:84008a41e51615a49fc9966191ff91509e3c40b939176e643fd50a5c2196b8f8"},
    {file = "mdurl-0.1.2.tar.gz", hash = "sha256:bb413d29f5eea38f31dd4754dd7377d4465116fb207585f97bf925588687c1ba"},
]

[[package]]
name = "packaging"
version = "26.2"
description = "Core utilities for Python packages"
optional = false
python-versions = ">=3.8"
groups = ["dev"]
files = [
    {file = "packaging-26.2-py3-none-any.whl", hash = "sha256:5fc45236b9446107ff2415ce77c807cee2862cb6fac22b8a73826d0693b0980e"},
    {file = "packaging-26.2.tar.gz", hash = "sha256:ff452ff5a3e828ce110190feff1178bb1f2ea2281fa2075aadb987c2fb221661"},
]

[[package]]
name = "pluggy"
version = "1.6.0"
description = "plugin and hook calling mechanisms for python"
optional = false
python-versions = ">=3.9"
groups = ["dev"]
files = [
    {file = "pluggy-1.6.0-py3-none-any.whl", hash = "sha256:e920276dd6813095e9377c0bc5566d94c932c33b27a3e3945d8389c374dd4746"},
    {file = "pluggy-1.6.0.tar.gz", hash = "sha256:7dcc130b76258d33b90f61b658791dede3486c3e6bfb003ee5c9bfb396dd22f3"},
]

[package.extras]
dev = ["pre-commit", "tox"]
testing = ["coverage", "pytest", "pytest-benchmark"]

[[package]]
name = "prompt-toolkit"
version = "3.0.52"
description = "Library for building powerful interactive command lines in Python"
optional = false
python-versions = ">=3.8"
groups = ["main"]
files = [
    {file = "prompt_toolkit-3.0.52-py3-none-any.whl", hash = "sha256:9aac639a3bbd33284347de5ad8d68ecc044b91a762dc39b7c21095fcd6a19955"},
    {file = "prompt_toolkit-3.0.52.tar.gz", hash = "sha256:28cde192929c8e7321de85de1ddbe736f1375148b02f2e17edd840042b1be855"},
]

[package.dependencies]
wcwidth = "*"

[[package]]
name = "psycopg"
version = "3.3.6"
description = "PostgreSQL database adapter for Python"
optional = false
python-versions = ">=3.10"
groups = ["main"]
files = [
    {file = "psycopg-3.3.6-py3-none-any.whl", hash = "sha256:a1db9f7148b06a28606767efaca51fa6f9398c5c0a3810519be69d7000bdb631"},
    {file = "psycopg-3.3.6.tar.gz", hash = "sha256:c081f2250df751a943036e42db6df4571c66cd0aabe8291a7a506512b12007d2"},
]

[package.dependencies]
psycopg-binary = {version = "3.3.6", optional = true, markers = "implementation_name != \"pypy\" and extra == \"binary\""}
tzdata = {version = "*", markers = "sys_platform == \"win32\""}

[package.extras]
binary = ["psycopg-binary (==3.3.6) ; implementation_name != \"pypy\""]
c = ["psycopg-c (==3.3.6) ; implementation_name != \"pypy\""]
dev = ["ast-comments (>=1.1.2)", "black (>=26.1.0)", "codespell (>=2.2)", "cython-lint (>=0.21)", "dnspython (>=2.1)", "flake8 (>=4.0)", "isort-psycopg (>=0.0.3)", "isort[colors] (>=6.0)", "mypy (>=2.1.0)", "pre-commit (>=4.0.1)", "types-setuptools (>=57.4)", "types-shapely (>=2.0)", "wheel (>=0.37)"]
docs = ["Sphinx (>=9.1)", "furo (==2025.12.19)", "sphinx-autobuild (>=2025.8.25)", "sphinx-autodoc-typehints (>=3.10.2)"]
pool = ["psycopg-pool"]
test = ["anyio (>=4.0)", "mypy (>=2.1.0) ; implementation_name != \"pypy\"", "pproxy (>=2.7)", "pytest (>=6.2.5)", "pytest-cov (>=3.0)", "pytest-randomly (>=3.5)"]

[[package]]
name = "psycopg-binary"
version = "3.3.6"
description = "PostgreSQL database adapter for Python -- C optimisation distribution"
optional = false
python-versions = ">=3.10"
groups = ["main"]
markers = "implementation_name != \"pypy\""
files = [
    {file = "psycopg_binary-3.3.6-cp310-cp310-macosx_10_9_x86_64.whl", hash = "sha256:7beb3e41c9a1e509f3ed85263386588cbe3e975aa67be21f79f44fd35ffaeefc"},
    {file = "psycopg_binary-3.3.6-cp310-cp310-macosx_11_0_arm64.whl", hash = "sha256:aa73160077345ec21b3f51e8e24b3de2e99586217e497629326eb9b2ea88c52e"},
    {file = "psycopg_binary-3.3.6-cp310-cp310-manylinux2014_ppc64le.manylinux_2_17_ppc64le.whl", hash = "sha256:f87dbdc42e78ee0f7ea180c03f8c78e80a949e373066629bd90fefff10552dff"},
    {file = "psycopg_binary-3.3.6-cp310-cp310-manylinux2014_x86_64.manylinux_2_17_x86_64.whl", hash = "sha256:a9348c5b43a3bb5ef8c2e89d5237c9c87eeafb01d338c84a7aebbc5cd0313299"},
    {file = "psycopg_binary-3.3.6-cp310-cp310-manylinux_2_27_aarch64.manylinux_2_28_aarch64.whl", hash = "sha256:0a52991594ac4db888c7d39bccef331797e30cb31a95cae02cf2607f83a42dc2"},
    {file = "psycopg_binary-3.3.6-cp310-cp310-manylinux_2_38_riscv64.manylinux_2_39_riscv64.whl", hash = "sha256:5ea8beeb5541780b4b50b462eeacbc4f594ce3b911dc20c81c75f267876f71d2"},
    {file = "psycopg_binary-3.3.6-cp310-cp310-musllinux_1_2_aarch64.whl", hash = "sha256:198a48e68cc99ccac03ba95ac857e73aa66f3bf6be77019fafb0832a05f7ad03"},
    {file = "psycopg_binary-3.3.6-cp310-cp310-musllinux_1_2_ppc64le.whl", hash = "sha256:fa34eb47969297471db7b7f193622c7e3ee839ec05abd05f1fe104d5b1b1dcf4"},
    {file = "psycopg_binary-3.3.6-cp310-cp310-musllinux_1_2_riscv64.whl", hash = "sha256:b979a42815410432420275412633960807178b1ce26591a16ce06e78a5bd4bb2"},
    {file = "psycopg_binary-3.3.6-cp310-cp310-musllinux_1_2_x86_64.whl", hash = "sha256:889e42acec10450185e0cdfb396f375e2c1a8d7737c114830a7fde4654f59e30"},
    {file = "psycopg_binary-3.3.6-cp310-cp310-win_amd64.whl", hash = "sha256:cbd5f73073ed19c378d4c35499db1e3e703a5b1a324e521204065967bfaa7a18"},
    {file = "psycopg_binary-3.3.6-cp311-cp311-macosx_10_9_x86_64.whl", hash = "sha256:be4f9b3c9338ac5dd217c5847e21521b396c8117f78dc420d495a5c49bbef874"},
    {file = "psycopg_binary-3.3.6-cp311-cp311-macosx_11_0_arm64.whl", hash = "sha256:f0535693ce476a722b718b002d5d2c27d47e71ca945276ac194409c98e74c492"},
    {file = "psycopg_binary-3.3.6-cp311-cp311-manylinux2014_ppc64le.manylinux_2_17_ppc64le.whl", hash = "sha256:3c9e663b2e800e3218994cf948c11bcc2844e6491b34aa80d089baf6531827bf"},
    {file = "psycopg_binary-3.3.6-cp311-cp311-manylinux2014_x86_64.manylinux_2_17_x86_64.whl", hash = "sha256:a2e44a342d2aee40508e28a563d8961c39d9bbd8cae36d8578f0a3c6658aab0f"},
    {file = "psycopg_binary-3.3.6-cp311-cp311-manylinux_2_27_aarch64.manylinux_2_28_aarch64.whl", hash = "sha256:5f598f19fa9a91540b5cee17932ffd227b7b53a481605bcc4573c0eafa647300"},
    {file = "psycopg_binary-3.3.6-cp311-cp311-manylinux_2_38_riscv64.manylinux_2_39_riscv64.whl", hash = "sha256:6ff05561e4a067d35507dc5c90f1deb2ec1c9703ac5cccc1bc26e08a197f9c5a"},
    {file = "psycopg_binary-3.3.6-cp311-cp311-musllinux_1_2_aarch64.whl", hash = "sha256:566dd827f17728efdf7d88a5b066f815170f6fdad13967ae952842d90e6aaa9f"},
    {file = "psycopg_binary-3.3.6-cp311-cp311-musllinux_1_2_ppc64le.whl", hash = "sha256:9b2f11794e017ce340934e35de46181c46ef71ec75ea3d85dd75cd836761c01e"},
    {file = "psycopg_binary-3.3.6-cp311-cp311-musllinux_1_2_riscv64.whl", hash = "sha256:910ace140e3e7b7596898d083f37a8fe90c5c40684252ad4e682364b2cd3deba"},
    {file = "psycopg_binary-3.3.6-cp311-cp311-musllinux_1_2_x86_64.whl", hash = "sha256:37e517c146b185f9c0c6e8d0a0ebbdeeeb67896af28466e032bc810d0c7dc7a7"},
    {file = "psycopg_binary-3.3.6-cp311-cp311-win_amd64.whl", hash = "sha256:c7f92daa0d2a1c76f07264abddf8cbabd30152a2f09c3270e50f0c7efdf5dcac"},
    {file = "psycopg_binary-3.3.6-cp312-cp312-macosx_10_13_x86_64.whl", hash = "sha256:3f84dab25e0385692ee13274c68678377e0b1a70ab9d14e56264cbf61f60c62d"},
    {file = "psycopg_binary-3.3.6-cp312-cp312-macosx_11_0_arm64.whl", hash = "sha256:612382ac3ed13651c7fa44b5fee9fbf7baaa2ddbc6f500391672682c5f1df9e0"},
    {file = "psycopg_binary-3.3.6-cp312-cp312-manylinux2014_ppc64le.manylinux_2_17_ppc64le.whl", hash = "sha256:366db6e97e66b37211475f20c4c1324a2dc0dd825e46d4e87f9d599304d276f9"},
    {file = "psycopg_binary-3.3.6-cp312-cp312-manylinux2014_x86_64.manylinux_2_17_x86_64.whl", hash = "sha256:1679a1cb93fbe5a6d1fd58d82cbddcc6fcb8c61446ba7cae6eb2a7b19bc585de"},
    {file = "psycopg_binary-3.3.6-cp312-cp312-manylinux_2_27_aarch64.manylinux_2_28_aarch64.whl", hash = "sha256:37d40450659401600e6d043ff586c89a71a69f33cbb8bcdba6cdb2569beecdbe"},
    {file = "psycopg_binary-3.3.6-cp312-cp312-manylinux_2_38_riscv64.manylinux_2_39_riscv64.whl", hash = "sha256:a5165300324efd5a772c48a88ab3a928513ab3979fca76553e62ee815f7b2b9c"},
    {file = "psycopg_binary-3.3.6-cp312-cp312-musllinux_1_2_aarch64.whl", hash = "sha256:d636338c8f21b0df2f84657b00bc34f9313f826ef93f1155bc743607e4a0c5eb"},
    {file = "psycopg_binary-3.3.6-cp312-cp312-musllinux_1_2_ppc64le.whl", hash = "sha256:a4ee3bdd5468a725f2a4d9aab8a74b6d0279f768c8b5d3aeb102c5307ff3d59c"},
    {file = "psycopg_binary-3.3.6-cp312-cp312-musllinux_1_2_riscv64.whl", hash = "sha256:289aadd6a00e151203c081f708348ec89f1e483c9b510ef4ac3981f847f01f79"},
    {file = "psycopg_binary-3.3.6-cp312-cp312-musllinux_1_2_x86_64.whl", hash = "sha256:f21d057f3e5f5491067e5b292498073b73847d48799b099803fef100775fcc52"},
    {file = "psycopg_binary-3.3.6-cp312-cp312-win_amd64.whl", hash = "sha256:e23a66a763fbe83fcc210bc77c27e5a5ea380ebf091c06f34d8561b695e5a40f"},
    {file = "psycopg_binary-3.3.6-cp313-cp313-macosx_10_13_x86_64.whl", hash = "sha256:5ad8f35e67cc16d1fad1fa8c88972dc9b3a3141ea67897399904edab96a301b6"},
    {file = "psycopg_binary-3.3.6-cp313-cp313-macosx_11_0_arm64.whl", hash = "sha256:373704aea331d3f3e3402c125a1543f5875e2986ebb54f97d1647942161f803f"},
    {file = "psycopg_binary-3.3.6-cp313-cp313-manylinux2014_ppc64le.manylinux_2_17_ppc64le.whl", hash = "sha256:b82491019b884d62318b5f30706c3d7e6d4e5a6cb7eabcb3edc0c1b0fdaceae9"},
    {file = "psycopg_binary-3.3.6-cp313-cp313-manylinux2014_x86_64.manylinux_2_17_x86_64.whl", hash = "sha256:cec5ea900390897d0b46130f60bc2883bf19c314f9044235217c8be88b0ef269"},
    {file = "psycopg_binary-3.3.6-cp313-cp313-manylinux_2_27_aarch64.manylinux_2_28_aarch64.whl", hash = "sha256:98c02090d88f2ebc0ec1e8da538f77d225ce0fffecf372aa39262e62a1b054ef"},
    {file = "psycopg_binary-3.3.6-cp313-cp313-manylinux_2_38_riscv64.manylinux_2_39_riscv64.whl", hash = "sha256:ee2c4728c691245e24501fcd7a97b5b381236b9985bc445bba88cdce7d1b5784"},
    {file = "psycopg_binary-3.3.6-cp313-cp313-musllinux_1_2_aarch64.whl", hash = "sha256:f19cc87343eaa55255e76b31259a570072ac95d6ae82c92dd34b97691f5e49dc"},
    {file = "psycopg_binary-3.3.6-cp313-cp313-musllinux_1_2_ppc64le.whl", hash = "sha256:fdccb3a0e184b03e9baa673b15a809cf36c339c85dbda0ebc25a698846dfbee8"},
    {file = "psycopg_binary-3.3.6-cp313-cp313-musllinux_1_2_riscv64.whl", hash = "sha256:9892188bb15e5803beb51afe8a25add6b56be391a53058e8bca03b74e1e6bf22"},
    {file = "psycopg_binary-3.3.6-cp313-cp313-musllinux_1_2_x86_64.whl", hash = "sha256:3af90f92769d8cc10f94515ee7a0aef36ea85ca733a0ce22858f6e0953f41138"},
    {file = "psycopg_binary-3.3.6-cp313-cp313-win_amd64.whl", hash = "sha256:0ebfad5d131de9f892ae9e70cc7616207768b6714b66a52d4612b8ceaf78b372"},
    {file = "psycopg_binary-3.3.6-cp314-cp314-macosx_10_15_x86_64.whl", hash = "sha256:b3f75dee0f9afafabe4edc52c4842f1e1878ed2069bd05b22d6fe961e97e4dba"},
    {file = "psycopg_binary-3.3.6-cp314-cp314-macosx_11_0_arm64.whl", hash = "sha256:5927b7ba63153cd8e9862987290a2b783a5c590daf2a4ef981700cc3569166d4"},
    {file = "psycopg_binary-3.3.6-cp314-cp314-manylinux2014_ppc64le.manylinux_2_17_ppc64le.whl", hash = "sha256:0bf08b749cc144f33b44a91b78e3f71c60eb07963746a0df5a100b36ce3d7475"},
    {file = "psycopg_binary-3.3.6-cp314-cp314-manylinux2014_x86_64.manylinux_2_17_x86_64.whl", hash = "sha256:31cd942c23f613276b81a6e6598cefa12960058b0f46e1e874b540c793f6aca5"},
    {file = "psycopg_binary-3.3.6-cp314-cp314-manylinux_2_27_aarch64.manylinux_2_28_aarch64.whl", hash = "sha256:4690cf67738f0e0e49a32aeec99bf0e4595cc2b4f1af984a4345394b1dcff91a"},
    {file = "psycopg_binary-3.3.6-cp314-cp314-manylinux_2_38_riscv64.manylinux_2_39_riscv64.whl", hash = "sha256:ad1c785e784cfd87e8436c6b7702f2d321fc39601bbaf29bc63a41a867091638"},
    {file = "psycopg_binary-3.3.6-cp314-cp314-musllinux_1_2_aarch64.whl", hash = "sha256:79a2a1c3449f6c3409427078ed1cec10de79f3023cb5f2504f0597d350ad46c7"},
    {file = "psycopg_binary-3.3.6-cp314-cp314-musllinux_1_2_ppc64le.whl", hash = "sha256:86147cb5d140341c3363fb5bacce31f8d5543902a46699d3c536b101bbceaf9e"},
    {file = "psycopg_binary-3.3.6-cp314-cp314-musllinux_1_2_riscv64.whl", hash = "sha256:7308c93cf0b19bbaf8e6ff0a6ad50d3c442385739245fe15a8d593bf841734a6"},
    {file = "psycopg_binary-3.3.6-cp314-cp314-musllinux_1_2_x86_64.whl", hash = "sha256:05a83ac9fd52b9bca7cb5ab04b3691163170bd16f53defa27216ea3aa07ee781"},
    {file = "psycopg_binary-3.3.6-cp314-cp314-win_amd64.whl", hash = "sha256:1fbd30e537dab22cafdf080608f10148fe2a5f3a61294ddb5113caac8a623840"},
    {file = "psycopg_binary-3.3.6-cp315-cp315-macosx_10_15_x86_64.whl", hash = "sha256:bf8c8481d026b85dd70c5fa7dde85b2333aed0b32a2602bcd38a900cbd78a49c"},
    {file = "psycopg_binary-3.3.6-cp315-cp315-macosx_11_0_arm64.whl", hash = "sha256:b599defe9190b17e9907c8b4d114c181e702c87efcd1b8a0ad40971cdcc4634a"},
    {file = "psycopg_binary-3.3.6-cp315-cp315-manylinux2014_ppc64le.manylinux_2_17_ppc64le.whl", hash = "sha256:b8ece331509f7a975b90501f41e83ad905e4141753fedf3f2711b2bc70a8efbc"},
    {file = "psycopg_binary-3.3.6-cp315-cp315-manylinux2014_x86_64.manylinux_2_17_x86_64.whl", hash = "sha256:c61617eaae0112ca154da87ffb99b73af2c74067acac28dfb9a4455b019dff2e"},
    {file = "psycopg_binary-3.3.6-cp315-cp315-manylinux_2_27_aarch64.manylinux_2_28_aarch64.whl", hash = "sha256:c6d19cb4999d03231e8730a5f66c8f5068bc3b532677eb39dab0f600bff3e312"},
    {file = "psycopg_binary-3.3.6-cp315-cp315-manylinux_2_38_riscv64.manylinux_2_39_riscv64.whl", hash = "sha256:e8cbb54454dbf1bbf2ff08dd7693e8d94ac94b1a20f70f4b3b813d52ecb5cbc1"},
    {file = "psycopg_binary-3.3.6-cp315-cp315-musllinux_1_2_aarch64.whl", hash = "sha256:dc75da5a20951049f7b773145f998f69d181adad9c58a0ff36e0cf1d73c10e10"},
    {file = "psycopg_binary-3.3.6-cp315-cp315-musllinux_1_2_ppc64le.whl", hash = "sha256:955e3dd94da361e052d2e49acf591017158dc8f8ed2c8a42c2e3943403c39dc2"},
    {file = "psycopg_binary-3.3.6-cp315-cp315-musllinux_1_2_riscv64.whl", hash = "sha256:c7753871eb57e6a5f4646f6168590c6653073dea5e9e720b201c8875332df4c8"},
    {file = "psycopg_binary-3.3.6-cp315-cp315-musllinux_1_2_x86_64.whl", hash = "sha256:303732e798fe6729f8e12021b9c96107df8e95ecec4dd487c67b98ec2a59435e"},
    {file = "psycopg_binary-3.3.6-cp315-cp315-win_amd64.whl", hash = "sha256:2f122603f36050937982abf9668d8bc4769a79f7c93a65013b1c49f1cab7b56b"},
]

[[package]]
name = "pygments"
version = "2.20.0"
description = "Pygments is a syntax highlighting package written in Python."
optional = false
python-versions = ">=3.9"
groups = ["main", "dev"]
files = [
    {file = "pygments-2.20.0-py3-none-any.whl", hash = "sha256:81a9e26dd42fd28a23a2d169d86d7ac03b46e2f8b59ed4698fb4785f946d0176"},
    {file = "pygments-2.20.0.tar.gz", hash = "sha256:6757cd03768053ff99f3039c1a36d6c0aa0b263438fcab17520b30a303a82b5f"},
]

[package.extras]
windows-terminal = ["colorama (>=0.4.6)"]

[[package]]
name = "pymssql"
version = "2.4.2"
description = "DB-API interface to Microsoft SQL Server for Python. (new Cython-based version)"
optional = false
python-versions = ">=3.9"
groups = ["main"]
files = [
    {file = "pymssql-2.4.2-cp310-cp310-macosx_14_0_arm64.whl", hash = "sha256:593028018016ac3544e8a022abaf894148ad60843ec9b247f80d95d9662b5105"},
    {file = "pymssql-2.4.2-cp310-cp310-macosx_15_0_x86_64.whl", hash = "sha256:d2b8b57c5b74a10904971cd30910f0ffcde7dd4eb96663cfbe8edcf80332cfc5"},
    {file = "pymssql-2.4.2-cp310-cp310-manylinux_2_27_aarch64.manylinux_2_28_aarch64.whl", hash = "sha256:33461bece3b64420a371b5b061c8849f9519cda2d9aa1353ea5469fa410ee332"},
    {file = "pymssql-2.4.2-cp310-cp310-manylinux_2_27_x86_64.manylinux_2_28_x86_64.whl", hash = "sha256:b9d1205a1046b413dc50a4253ab623fad2cdf74b50d55fc0b9af3aa8f262f030"},
    {file = "pymssql-2.4.2-cp310-cp310-musllinux_1_2_aarch64.whl", hash = "sha256:14bef8a505ea452f7e01aef06acc811cc641dc3f6ff14aaa9e7a4ca7b5a420b0"},
    {file = "pymssql-2.4.2-cp310-cp310-musllinux_1_2_x86_64.whl", hash = "sha256:d842bc3b9079b9ec55a477161926240c74b208d1cbeada8d9472e0a8078946bf"},
    {file = "pymssql-2.4.2-cp310-cp310-win_amd64.whl", hash = "sha256:0cf996d159b1650fc903a01538e832f25e748bd64d8fdbfe32d19dc1061190ba"},
    {file = "pymssql-2.4.2-cp311-cp311-macosx_14_0_arm64.whl", hash = "sha256:17d802a8b4a56eac1f004bf6bdf24be5fa9d99bc7f2d53812da95df265082c64"},
    {file = "pymssql-2.4.2-cp311-cp311-macosx_15_0_x86_64.whl", hash = "sha256:19dda2f9581c862e135e1597abd5bd5f435c576dd3cf7b7be68f25b799aaab2f"},
    {file = "pymssql-2.4.2-cp311-cp311-manylinux_2_27_aarch64.manylinux_2_28_aarch64.whl", hash = "sha256:4fa9da3cc867003785b9a5ccb8d14180ae09b4f1462ffa00d36503b18b1a07d4"},
    {file = "pymssql-2.4.2-cp311-cp311-manylinux_2_27_x86_64.manylinux_2_28_x86_64.whl", hash = "sha256:d7eca757831c92836b8e4d5e20cc57034bb06b8026e0fe84925328c15fa0cfac"},
    {file = "pymssql-2.4.2-cp311-cp311-musllinux_1_2_aarch64.whl", hash = "sha256:4b1d5646bb39a38b7f47cb9015979b39afd91e79b743d736281db64c2afbf7a1"},
    {file = "pymssql-2.4.2-cp311-cp311-musllinux_1_2_x86_64.whl", hash = "sha256:bab53310babced1db80563f05841343023ea0af85013a50b59d7934c3191efd6"},
    {file = "pymssql-2.4.2-cp311-cp311-win_amd64.whl", hash = "sha256:5080a65bd6430cc15edc775f82cb0428ee21e825c7236b06ac69b915c7627e42"},
    {file = "pymssql-2.4.2-cp312-cp312-macosx_14_0_arm64.whl", hash = "sha256:766f5d000cd116893b044b14ea8c96d43096c2acf4e93a89703ba75d52712b57"},
    {file = "pymssql-2.4.2-cp312-cp312-macosx_15_0_x86_64.whl", hash = "sha256:2b974acfa7f7151a31bcfcc058219a515597bdbef52162d44aee8108c1e4de79"},
    {file = "pymssql-2.4.2-cp312-cp312-manylinux_2_27_aarch64.manylinux_2_28_aarch64.whl", hash = "sha256:ef6bd05d4703ec7b0b889af621c9fd8704d22f32ae5ec7d7e4d685d9e0c02014"},
    {file = "pymssql-2.4.2-cp312-cp312-manylinux_2_27_x86_64.manylinux_2_28_x86_64.whl", hash = "sha256:0ac37a077666ca15f0ee839447ecef5109a6248ea1f329665142afea36c48ecd"},
    {file = "pymssql-2.4.2-cp312-cp312-musllinux_1_2_aarch64.whl", hash = "sha256:1eb3f0762650eb420de443d64fab1bfe6234b09ad9769c94f426f465ad7412d9"},
    {file = "pymssql-2.4.2-cp312-cp312-musllinux_1_2_x86_64.whl", hash = "sha256:6784c439424bef6735ea1a05b9daafcd2ff367457da7a248d2b3b1cdae29e997"},
    {file = "pymssql-2.4.2-cp312-cp312-win_amd64.whl", hash = "sha256:4758def2f0acd9cc1dd3d0b878307b6a2629ef9b903d9001d039b02312e69843"},
    {file = "pymssql-2.4.2-cp313-cp313-macosx_14_0_arm64.whl", hash = "sha256:2dad5b22ebac474dea760df16fc173a8be0ae6f7063414aeff9ca0ab83166ffd"},
    {file = "pymssql-2.4.2-cp313-cp313-macosx_15_0_x86_64.whl", hash = "sha256:1d0f0f4e86933b1ed63b9cca4223d92abcff394b161bfee7b2859fbf7e904dd8"},
    {file = "pymssql-2.4.2-cp313-cp313-manylinux_2_27_aarch64.manylinux_2_28_aarch64.whl", hash = "sha256:207d1d8378c882123455300ad1baf145c3fcde66800622402d28deb001ca69f8"},
    {file = "pymssql-2.4.2-cp313-cp313-manylinux_2_27_x86_64.manylinux_2_28_x86_64.whl", hash = "sha256:95881385d6f69488a601565659b6d1444e374c05a5936334b8efe109149cc888"},
    {file = "pymssql-2.4.2-cp313-cp313-musllinux_1_2_aarch64.whl", hash = "sha256:8fdaaf4b6c35c879e5bc540d47f8905ed310ff5f5c855b7f613bc8584900ac54"},
    {file = "pymssql-2.4.2-cp313-cp313-musllinux_1_2_x86_64.whl", hash = "sha256:fb59ccad66e75085fbbf64e186ce683193986a9a3e6db46ca91ebdf49b88c655"},
    {file = "pymssql-2.4.2-cp313-cp313-win_amd64.whl", hash = "sha256:e38e2daa3242f7ec026060c0472bf8be1c7845e1fa7d05efc0110d1b2ffcce1f"},
    {file = "pymssql-2.4.2-cp314-cp314-macosx_14_0_arm64.whl", hash = "sha256:438a7a37a245236ba5182bd792638fbcbfad9a97122a0cbf88d8ece14a7b4cde"},
    {file = "pymssql-2.4.2-cp314-cp314-macosx_15_0_x86_64.whl", hash = "sha256:8ceef1088170dcfc08e0b3536cad2be03e6effa66b6881dbf8ab0ed1d9da8219"},
    {file = "pymssql-2.4.2-cp314-cp314-manylinux_2_27_aarch64.manylinux_2_28_aarch64.whl", hash = "sha256:7a0cf9b05da9e3747296508ab7adb72601a7d56790000b7953c3fb170566215a"},
    {file = "pymssql-2.4.2-cp314-cp314-manylinux_2_27_x86_64.manylinux_2_28_x86_64.whl", hash = "sha256:22d0f0589abe9a4d6c12cb002563ea6f317090b8171ae2ae2b0df29fde825385"},
    {file = "pymssql-2.4.2-cp314-cp314-musllinux_1_2_aarch64.whl", hash = "sha256:98e0d028ebdece1770d878172d65d0ef098e366c276ed9992c7bde2cf1e38e30"},
    {file = "pymssql-2.4.2-cp314-cp314-musllinux_1_2_x86_64.whl", hash = "sha256:d5fa2c62a195d2b4b96155270081903c2f5d0b4ba6a5a1a37bb361c85ed21311"},
    {file = "pymssql-2.4.2-cp314-cp314-win_amd64.whl", hash = "sha256:cb3029d053577b66d7dbf20225ffe75de2fed4a641d398c6fa03376ecd44bad6"},
    {file = "pymssql-2.4.2-cp314-cp314t-macosx_14_0_arm64.whl", hash = "sha256:40da129a58600070c1c51498c36188ecebfea2158217336169e13ad4d1a04e1d"},
    {file = "pymssql-2.4.2-cp314-cp314t-macosx_15_0_x86_64.whl", hash = "sha256:539d358ed944c10dd09bd8ebe2832494b976782de8fa314a0e6c902f5d32ef6c"},
    {file = "pymssql-2.4.2-cp314-cp314t-manylinux_2_27_aarch64.manylinux_2_28_aarch64.whl", hash = "sha256:1126b337f1adc509208df60e19c968c19117e39116fb02b46b01de1e64ba2a76"},
    {file = "pymssql-2.4.2-cp314-cp314t-manylinux_2_27_x86_64.manylinux_2_28_x86_64.whl", hash = "sha256:136b15c790148245b3395a9bcabbfaa7d16406fb116043a92bac470701521dd0"},
    {file = "pymssql-2.4.2-cp314-cp314t-musllinux_1_2_aarch64.whl", hash = "sha256:65e0adad5899b7d2e97407b8e3b6794207affc783cf5b32e76561d6413e709df"},
    {file = "pymssql-2.4.2-cp314-cp314t-musllinux_1_2_x86_64.whl", hash = "sha256:1b25f82d7fea0217e8a2932216425d4d149db2e2bed5e8899e835709b54fe046"},
    {file = "pymssql-2.4.2-cp314-cp314t-win_amd64.whl", hash = "sha256:83ed0ed455e644de52065e7c6e7d606b2d511166ea28f05a58642dde0d3ddafc"},
    {file = "pymssql-2.4.2-cp315-cp315-macosx_14_0_arm64.whl", hash = "sha256:4d917f3f8aeeeae6f5ddf5a5f3cba91772781f58081598820da7b9a75a129677"},
    {file = "pymssql-2.4.2-cp315-cp315-macosx_15_0_x86_64.whl", hash = "sha256:655d0d1215672604d2b8400a7a1af29c6d84a45a87fc8de68c9de74208983a7e"},
    {file = "pymssql-2.4.2-cp315-cp315-manylinux_2_27_aarch64.manylinux_2_28_aarch64.whl", hash = "sha256:a7a0016dd896a4c80e9dbcad9dae3197fd3cebed8bea43d35fc7c9f57740e33f"},
    {file = "pymssql-2.4.2-cp315-cp315-manylinux_2_27_x86_64.manylinux_2_28_x86_64.whl", hash = "sha256:afc14d099fcab4242922350f753acd35f1ee24ad64695ec8f1676b29ddcee63f"},
    {file = "pymssql-2.4.2-cp315-cp315-musllinux_1_2_aarch64.whl", hash = "sha256:7d1418b9b13c1c78b5ae0b52174e48d49021f7923bbc6fca8f57f22093dc756a"},
    {file = "pymssql-2.4.2-cp315-cp315-musllinux_1_2_x86_64.whl", hash = "sha256:7ffedac5cd70d4d2767d30f4c90f210757f49eda9e8b87a254f5e79be19129d5"},
    {file = "pymssql-2.4.2-cp315-cp315-win_amd64.whl", hash = "sha256:f497b6f917983890e842180762a5925c1983036395fafee4ae7dcf4db270f53e"},
    {file = "pymssql-2.4.2-cp315-cp315t-macosx_14_0_arm64.whl", hash = "sha256:1c4f473420a17764e61ace8498d2190df6cba1120e1fbcf2414819bd392dd5cb"},
    {file = "pymssql-2.4.2-cp315-cp315t-macosx_15_0_x86_64.whl", hash = "sha256:9e1063f3e319baba3ffe6c6f0c64ebcdd3438347a787fa7b14326e6b00fa6a3c"},
    {file = "pymssql-2.4.2-cp315-cp315t-manylinux_2_27_aarch64.manylinux_2_28_aarch64.whl", hash = "sha256:b5ff8e0f4dcf317e462e1094fea1c62118594c5496bb12d621a641b062c5f8d2"},
    {file = "pymssql-2.4.2-cp315-cp315t-manylinux_2_27_x86_64.manylinux_2_28_x86_64.whl", hash = "sha256:2698ce5ae14bfede29e8b025946f76ef0abe207f0fa726e74011b11bb00dd248"},
    {file = "pymssql-2.4.2-cp315-cp315t-musllinux_1_2_aarch64.whl", hash = "sha256:4bfbb6bf5313e0278afb0ebd609f9a052ac5816ac170a7d06d14c867df18aff4"},
    {file = "pymssql-2.4.2-cp315-cp315t-musllinux_1_2_x86_64.whl", hash = "sha256:eaf2cc76ba16375f8df95ac16cb76e1d55696e0be4960953e2a6122741a2e8b2"},
    {file = "pymssql-2.4.2-cp315-cp315t-win_amd64.whl", hash = "sha256:cf960b137f6ff411ff8a2b289daec6f8d13a50820b75e6942ee81b2e28046c4d"},
    {file = "pymssql-2.4.2-cp39-cp39-macosx_14_0_arm64.whl", hash = "sha256:a5479e39d933d18217fb2117c69fb002e31142a3c1952881fd49a8c7b2ca53f6"},
    {file = "pymssql-2.4.2-cp39-cp39-macosx_15_0_x86_64.whl", hash = "sha256:fd71d32a659ece11f5e9be1e14a49986f4536ff808209ff21d3a8817b02237ad"},
    {file = "pymssql-2.4.2-cp39-cp39-manylinux_2_27_aarch64.manylinux_2_28_aarch64.whl", hash = "sha256:7da68605dae12e04b30245b0618dc3c555555bc2c86b5b9d125d0231304726a5"},
    {file = "pymssql-2.4.2-cp39-cp39-manylinux_2_27_x86_64.manylinux_2_28_x86_64.whl", hash = "sha256:72a17873f5ae175fa251b86a956a4a33e25ffb6184f481fead7facb786f51451"},
    {file = "pymssql-2.4.2-cp39-cp39-musllinux_1_2_aarch64.whl", hash = "sha256:6c7994d70ae07af615e0090e5958bb4baced6a48d3d499f28dba6b71483e6804"},
    {file = "pymssql-2.4.2-cp39-cp39-musllinux_1_2_x86_64.whl", hash = "sha256:6f2c176db7ba0b9c615254c1dd4f81d0fd75daa1da2d62d7c81c067742c0c23e"},
    {file = "pymssql-2.4.2-cp39-cp39-win_amd64.whl", hash = "sha256:9c7662677b64b21daa394c8f3e7d8c6a6a217c01d601ebb6d2853310a5b7cb43"},
    {file = "pymssql-2.4.2.tar.gz", hash = "sha256:f0f7e2fffc25de6ec7f56551c91afa7981644ffc9c4d2d9c2a19ef4890797b67"},
]

[[package]]
name = "pymysql"
version = "1.2.3"
description = "Pure Python MySQL Driver"
optional = false
python-versions = ">=3.9"
groups = ["main"]
files = [
    {file = "pymysql-1.2.3-py3-none-any.whl", hash = "sha256:14f1c68e2ed859243ae5ca41ffbe677027fc46bc136a9f0be8a4e928e5e7415a"},
    {file = "pymysql-1.2.3.tar.gz", hash = "sha256:d5b288529782e536ae171866df3ca9dc4f6cbfb3cc2f18e6f837fbb90dbc262b"},
]

[package.extras]
ed25519 = ["PyNaCl (>=1.6.2)"]
rsa = ["cryptography (>=46.0.7)"]

[[package]]
name = "pytest"
version = "9.1.1"
description = "pytest: simple powerful testing with Python"
optional = false
python-versions = ">=3.10"
groups = ["dev"]
files = [
    {file = "pytest-9.1.1-py3-none-any.whl", hash = "sha256:37a86b45efb9a47a61a36449063e8e18d0cab3161329fc099eb21783169c4f0c"},
    {file = "pytest-9.1.1.tar.gz", hash = "sha256:1088fbde8f2b49d95a549a195707afa7a76a3ce9bcadc26b6d71f0ffda5fe313"},
]

[package.dependencies]
colorama = {version = ">=0.4", markers = "sys_platform == \"win32\""}
iniconfig = ">=1.0.1"
packaging = ">=22"
pluggy = ">=1.5,<2"
pygments = ">=2.7.2"

[package.extras]
dev = ["argcomplete", "attrs (>=19.2)", "hypothesis (>=3.56)", "mock", "requests", "setuptools", "xmlschema"]

[[package]]
name = "pytest-mock"
version = "3.16.0"
description = "Thin-wrapper around the mock package for easier use with pytest"
optional = false
python-versions = ">=3.10"
groups = ["dev"]
files = [
    {file = "pytest_mock-3.16.0-py3-none-any.whl", hash = "sha256:007cfeb257801d88d9c0b2a7b5a15a15e73b71968dfd72e7bf8c4a2f8393aec8"},
    {file = "pytest_mock-3.16.0.tar.gz", hash = "sha256:5a8395528b8f498205f3718f575228d0edaed7425fff638f87d1a6c3e0383636"},
]

[package.dependencies]
pytest = ">=6.2.5"

[package.extras]
dev = ["pre-commit", "pytest-asyncio", "tox"]

[[package]]
name = "questionary"
version = "2.1.1"
description = "Python library to build pretty command line user prompts ⭐️"
optional = false
python-versions = ">=3.9"
groups = ["main"]
files = [
    {file = "questionary-2.1.1-py3-none-any.whl", hash = "sha256:a51af13f345f1cdea62347589fbb6df3b290306ab8930713bfae4d475a7d4a59"},
    {file = "questionary-2.1.1.tar.gz", hash = "sha256:3d7e980292bb0107abaa79c68dd3eee3c561b83a0f89ae482860b181c8bd412d"},
]

[package.dependencies]
prompt_toolkit = ">=2.0,<4.0"

[[package]]
name = "rclone-python"
version = "0.1.25"
description = "A python wrapper for rclone."
optional = false
python-versions = ">=3.6"
groups = ["main"]
files = [
    {file = "rclone_python-0.1.25-py3-none-any.whl", hash = "sha256:d0966d599adcff3574655eb71678db3625d00f92160ed6ba4291bd0f9d61175d"},
    {file = "rclone_python-0.1.25.tar.gz", hash = "sha256:8f4ff961ccd51db5c5ab2cd528448f450ea2ba472b44f83346728e832bc15c4e"},
]

[package.dependencies]
rich = "*"

[[package]]
name = "rich"
version = "15.0.0"
description = "Render rich text, tables, progress bars, syntax highlighting, markdown and more to the terminal"
optional = false
python-versions = ">=3.9.0"
groups = ["main"]
files = [
    {file = "rich-15.0.0-py3-none-any.whl", hash = "sha256:33bd4ef74232fb73fe9279a257718407f169c09b78a87ad3d296f548e27de0bb"},
    {file = "rich-15.0.0.tar.gz", hash = "sha256:edd07a4824c6b40189fb7ac9bc4c52536e9780fbbfbddf6f1e2502c31b068c36"},
]

[package.dependencies]
markdown-it-py = ">=2.2.0"
pygments = ">=2.13.0,<3.0.0"

[package.extras]
jupyter = ["ipywidgets (>=7.5.1,<9)"]

[[package]]
name = "ruff"
version = "0.16.10"
description = "An extremely fast Python linter and code formatter, written in Rust."
optional = false
python-versions = ">=3.7"
groups = ["dev"]
files = [
    {file = "ruff-0.16.10-py3-none-linux_armv6l.whl", hash = "sha256:488b0fe3f3574210e5cf80d9f59b9e3ab17a127a8155de3f307b392589cfb511"},
    {file = "ruff-0.16.10-py3-none-macosx_10_12_x86_64.whl", hash = "sha256:e748ff95c934c4e978783b8e687bc174e7bd84e8ad24e3243e1ecfcda5e0282d"},
    {file = "ruff-0.16.10-py3-none-macosx_11_0_arm64.whl", hash = "sha256:3031a4a2e8e7b8a46f70be45f198c35a11ece509a94b80334d8d397a33c67550"},
    {file = "ruff-0.16.10-py3-none-manylinux_2_17_aarch64.manylinux2014_aarch64.whl", hash = "sha256:494401c86df4c4c25f69b9419605d944467ee98c42fb6ad405ef4fa40b8fb67d"},
    {file = "ruff-0.16.10-py3-none-manylinux_2_17_armv7l.manylinux2014_armv7l.whl", hash = "sha256:d203abc0ff2b773ee33d00ab8df0bb67046fbc7c07b119332f08b9b345cf8221"},
    {file = "ruff-0.16.10-py3-none-manylinux_2_17_i686.manylinux2014_i686.whl", hash = "sha256:bd83d1235a5258d318477bc5b576303974cbdef5df0c01a1bff14efcc23bd12a"},
    {file = "ruff-0.16.10-py3-none-manylinux_2_17_ppc64le.manylinux2014_ppc64le.whl", hash = "sha256:bc2610fb269fa56dd8a68669ae470fa6272902668c0fc2ebc3aa112b2633d5b8"},
    {file = "ruff-0.16.10-py3-none-manylinux_2_17_s390x.manylinux2014_s390x.whl", hash = "sha256:3e70175e29cc94c26ea296c80e470180b744b7419026898e58f520c6ab32578e"},
    {file = "ruff-0.16.10-py3-none-manylinux_2_17_x86_64.manylinux2014_x86_64.whl", hash = "sha256:f33f43a864a8483eebd160e713336c8bab02c934feaff0a33cf5ccb41546d09a"},
    {file = "ruff-0.16.10-py3-none-manylinux_2_31_riscv64.whl", hash = "sha256:1dfc6f0088149fb6a362c1c446bcbb3fd2157b3852fe2fa68409276eab9ad9b3"},
    {file = "ruff-0.16.10-py3-none-musllinux_1_2_aarch64.whl", hash = "sha256:6553498afc35f580f036030795810b9e6bcea31604b0fd9e8d352795473042e3"},
    {file = "ruff-0.16.10-py3-none-musllinux_1_2_armv7l.whl", hash = "sha256:a3b8471dea115d37f123882be852bed13403746d3a76c11de4a19ec5f9ff5a03"},
    {file = "ruff-0.16.10-py3-none-musllinux_1_2_i686.whl", hash = "sha256:92e59a70bcbd9d3a5483656da906ec28edfdacfce00afd99edb8b4e9d15644be"},
    {file = "ruff-0.16.10-py3-none-musllinux_1_2_x86_64.whl", hash = "sha256:7ae7375f803b5520dc9f546bed7e3a0acb70b91812e9bb4b19927de22f25b77d"},
    {file = "ruff-0.16.10-py3-none-win32.whl", hash = "sha256:2a12e01cb9156c10c466f63b46eaae5ecea28dfbd21b5836353ae498e7d1349a"},
    {file = "ruff-0.16.10-py3-none-win_amd64.whl", hash = "sha256:97f2015c92aa97105b0eab19eb5d224884399281cfc5da86a92db4ab5e7fb2ca"},
    {file = "ruff-0.16.10-py3-none-win_arm64.whl", hash = "sha256:25a65fe998c4e6861ec079ada5826a2fc605e6cbccbe9dcd7fac1f54e791621b"},
    {file = "ruff-0.16.10.tar.gz", hash = "sha256:eff4728c4eaae93f0955cd264d24b2ab348e74bf59986ccf282ba6dc16b3b017"},
]

[[package]]
name = "shellingham"
version = "1.5.4"
description = "Tool to Detect Surrounding Shell"
optional = false
python-versions = ">=3.7"
groups = ["main"]
files = [
    {file = "shellingham-1.5.4-py2.py3-none-any.whl", hash = "sha256:7ecfff8f2fd72616f7481040475a65b2bf8af90a56c89140852d1120324e8686"},
    {file = "shellingham-1.5.4.tar.gz", hash = "sha256:8dbca0739d487e5bd35ab3ca4b36e11c4078f3a234bfce294b0a0291363404de"},
]

[[package]]
name = "typer"
version = "0.27.2"
description = "Typer, build great CLIs. Easy to code. Based on Python type hints."
optional = false
python-versions = ">=3.10"
groups = ["main"]
files = [
    {file = "typer-0.27.2-py3-none-any.whl", hash = "sha256:b3a5fc4342d5fc8fda8fc3010b1cf117e9249aab7fae800c2eff62fd3842d97d"},
    {file = "typer-0.27.2.tar.gz", hash = "sha256:269b7eb9d3c202ca84b4bc9618cb04ebb43d3d4d1e567e4c768607232c05f945"},
]

[package.dependencies]
annotated-doc = ">=0.0.2"
colorama = {version = "*", markers = "platform_system == \"Windows\""}
rich = ">=13.8.0"
shellingham = ">=1.3.0"

[[package]]
name = "tzdata"
version = "2026.2"
description = "Provider of IANA time zone data"
optional = false
python-versions = ">=2"
groups = ["main"]
markers = "sys_platform == \"win32\""
files = [
    {file = "tzdata-2026.2-py2.py3-none-any.whl", hash = "sha256:bbe9af844f658da81a5f95019480da3a89415801f6cc966806612cc7169bffe7"},
    {file = "tzdata-2026.2.tar.gz", hash = "sha256:9173fde7d80d9018e02a662e168e5a2d04f87c41ea174b139fbef642eda62d10"},
]

[[package]]
name = "wcwidth"
version = "0.8.2"
description = "Measures the displayed width of unicode strings in a terminal"
optional = false
python-versions = ">=3.8"
groups = ["main"]
files = [
    {file = "wcwidth-0.8.2-py3-none-any.whl", hash = "sha256:d63947694a0539a1d51e01eda7caf800c291020e6cdd7e28ad7b14dd33ad4f85"},
    {file = "wcwidth-0.8.2.tar.gz", hash = "sha256:91fbef97204b96a3d4d421609b80340b760cf33e26da123ff243d76b1fda8dda"},
]

[metadata]
lock-version = "2.1"
python-versions = ">=3.13"
content-hash = "edbfc6b650a3501245586aeb9b81bf9625c600559682cf1665b03d72515fd86b"
