# This file is automatically @generated by Poetry 2.3.2 and should not be changed by hand.

[[package]]
name = "annotated-doc"
version = "0.0.4"
description = "Document parameters, class attributes, return types, and variables inline, with Annotated."
optional = false
python-versions = ">=3.8"
groups = ["main"]
files = [
    {file = "annotated_doc-0.0.4-py3-none-any.whl", hash = "sha256:571ac1dc6991c450b25a9c2d84a3705e2ae7a53467b5d111c24fa8baabbed320"},
    {file = "annotated_doc-0.0.4.tar.gz", hash = "sha256:fbcda96e87e9c92ad167c2e53839e57503ecfda18804ea28102353485033faa4"},
]

[[package]]
name = "colorama"
version = "0.4.6"
description = "Cross-platform colored terminal text."
optional = false
python-versions = "!=3.0.*,!=3.1.*,!=3.2.*,!=3.3.*,!=3.4.*,!=3.5.*,!=3.6.*,>=2.7"
groups = ["main", "dev"]
files = [
    {file = "colorama-0.4.6-py2.py3-none-any.whl", hash = "sha256:4f1d9991f5acc0ca119f9d443620b77f9d6b33703e51011c16baf57afb285fc6"},
    {file = "colorama-0.4.6.tar.gz", hash = "sha256:08695f5cb7ed6e0531a20572697297273c47b8cae5a63ffc6d6ed5c201be6e44"},
]
markers = {main = "platform_system == \"Windows\"", dev = "sys_platform == \"win32\""}

[[package]]
name = "iniconfig"
version = "2.3.0"
description = "brain-dead simple config-ini parsing"
optional = false
python-versions = ">=3.10"
groups = ["dev"]
files = [
    {file = "iniconfig-2.3.0-py3-none-any.whl", hash = "sha256:f631c04d2c48c52b84d0d0549c99ff3859c98df65b3101406327ecc7d53fbf12"},
    {file = "iniconfig-2.3.0.tar.gz", hash = "sha256:c76315c77db068650d49c5b56314774a7804df16fee4402c1f19d6d15d8c4730"},
]

[[package]]
name = "markdown-it-py"
version = "4.2.0"
description = "Python port of markdown-it. Markdown parsing, done right!"
optional = false
python-versions = ">=3.10"
groups = ["main"]
files = [
    {file = "markdown_it_py-4.2.0-py3-none-any.whl", hash = "sha256:9f7ebbcd14fe59494226453aed97c1070d83f8d24b6fc3a3bcf9a38092641c4a"},
    {file = "markdown_it_py-4.2.0.tar.gz", hash = "sha256:04a21681d6fbb623de53f6f364d352309d4094dd4194040a10fd51833e418d49"},
]

[package.dependencies]
mdurl = ">=0.1,<1.0"

[package.extras]
benchmarking = ["psutil", "pytest", "pytest-benchmark"]
compare = ["commonmark (>=0.9,<1.0)", "markdown (>=3.4,<4.0)", "markdown-it-pyrs", "mistletoe (>=1.0,<2.0)", "mistune (>=3.0,<4.0)", "panflute (>=2.3,<3.0)"]
linkify = ["linkify-it-py (>=1,<3)"]
plugins = ["mdit-py-plugins (>=0.5.0)"]
profiling = ["gprof2dot"]
rtd = ["ipykernel", "jupyter_sphinx", "mdit-py-plugins (>=0.5.0)", "myst-parser", "pyyaml", "sphinx", "sphinx-book-theme (>=1.0,<2.0)", "sphinx-copybutton", "sphinx-design"]
testing = ["coverage", "pytest", "pytest-cov", "pytest-regressions", "pytest-timeout", "requests"]

[[package]]
name = "mdurl"
version = "0.1.2"
description = "Markdown URL utilities"
optional = false
python-versions = ">=3.7"
groups = ["main"]
files = [
    {file = "mdurl-0.1.2-py3-none-any.whl", hash = "sha256:84008a41e51615a49fc9966191ff91509e3c40b939176e643fd50a5c2196b8f8"},
    {file = "mdurl-0.1.2.tar.gz", hash = "sha256:bb413d29f5eea38f31dd4754dd7377d4465116fb207585f97bf925588687c1ba"},
]

[[package]]
name = "packaging"
version = "26.2"
description = "Core utilities for Python packages"
optional = false
python-versions = ">=3.8"
groups = ["dev"]
files = [
    {file = "packaging-26.2-py3-none-any.whl", hash = "sha256:5fc45236b9446107ff2415ce77c807cee2862cb6fac22b8a73826d0693b0980e"},
    {file = "packaging-26.2.tar.gz", hash = "sha256:ff452ff5a3e828ce110190feff1178bb1f2ea2281fa2075aadb987c2fb221661"},
]

[[package]]
name = "pluggy"
version = "1.6.0"
description = "plugin and hook calling mechanisms for python"
optional = false
python-versions = ">=3.9"
groups = ["dev"]
files = [
    {file = "pluggy-1.6.0-py3-none-any.whl", hash = "sha256:e920276dd6813095e9377c0bc5566d94c932c33b27a3e3945d8389c374dd4746"},
    {file = "pluggy-1.6.0.tar.gz", hash = "sha256:7dcc130b76258d33b90f61b658791dede3486c3e6bfb003ee5c9bfb396dd22f3"},
]

[package.extras]
dev = ["pre-commit", "tox"]
testing = ["coverage", "pytest", "pytest-benchmark"]

[[package]]
name = "prompt-toolkit"
version = "3.0.52"
description = "Library for building powerful interactive command lines in Python"
optional = false
python-versions = ">=3.8"
groups = ["main"]
files = [
    {file = "prompt_toolkit-3.0.52-py3-none-any.whl", hash = "sha256:9aac639a3bbd33284347de5ad8d68ecc044b91a762dc39b7c21095fcd6a19955"},
    {file = "prompt_toolkit-3.0.52.tar.gz", hash = "sha256:28cde192929c8e7321de85de1ddbe736f1375148b02f2e17edd840042b1be855"},
]

[package.dependencies]
wcwidth = "*"

[[package]]
name = "psycopg"
version = "3.3.6"
description = "PostgreSQL database adapter for Python"
optional = false
python-versions = ">=3.10"
groups = ["main"]
files = [
    {file = "psycopg-3.3.6-py3-none-any.whl", hash = "sha256:a1db9f7148b06a28606767efaca51fa6f9398c5c0a3810519be69d7000bdb631"},
    {file = "psycopg-3.3.6.tar.gz", hash = "sha256:c081f2250df751a943036e42db6df4571c66cd0aabe8291a7a506512b12007d2"},
]

[package.dependencies]
psycopg-binary = {version = "3.3.6", optional = true, markers = "implementation_name != \"pypy\" and extra == \"binary\""}
tzdata = {version = "*", markers = "sys_platform == \"win32\""}

[package.extras]
binary = ["psycopg-binary (==3.3.6) ; implementation_name != \"pypy\""]
c = ["psycopg-c (==3.3.6) ; implementation_name != \"pypy\""]
dev = ["ast-comments (>=1.1.2)", "black (>=26.1.0)", "codespell (>=2.2)", "cython-lint (>=0.21)", "dnspython (>=2.1)", "flake8 (>=4.0)", "isort-psycopg (>=0.0.3)", "isort[colors] (>=6.0)", "mypy (>=2.1.0)", "pre-commit (>=4.0.1)", "types-setuptools (>=57.4)", "types-shapely (>=2.0)", "wheel (>=0.37)"]
docs = ["Sphinx (>=9.1)", "furo (==2025.12.19)", "sphinx-autobuild (>=2025.8.25)", "sphinx-autodoc-typehints (>=3.10.2)"]
pool = ["psycopg-pool"]
test = ["anyio (>=4.0)", "mypy (>=2.1.0) ; implementation_name != \"pypy\"", "pproxy (>=2.7)", "pytest (>=6.2.5)", "pytest-cov (>=3.0)", "pytest-randomly (>=3.5)"]

[[package]]
name = "psycopg-binary"
version = "3.3.6"
description = "PostgreSQL database adapter for Python -- C optimisation distribution"
optional = false
python-versions = ">=3.10"
groups = ["main"]
markers = "implementation_name != \"pypy\""
files = [
    {file = "psycopg_binary-3.3.6-cp310-cp310-macosx_10_9_x86_64.whl", hash = "sha256:7beb3e41c9a1e509f3ed85263386588cbe3e975aa67be21f79f44fd35ffaeefc"},
    {file = "psycopg_binary-3.3.6-cp310-cp310-macosx_11_0_arm64.whl", hash = "sha256:aa73160077345ec21b3f51e8e24b3de2e99586217e497629326eb9b2ea88c52e"},
    {file = "psycopg_binary-3.3.6-cp310-cp310-manylinux2014_ppc64le.manylinux_2_17_ppc64le.whl", hash = "sha256:f87dbdc42e78ee0f7ea180c03f8c78e80a949e373066629bd90fefff10552dff"},
    {file = "psycopg_binary-3.3.6-cp310-cp310-manylinux2014_x86_64.manylinux_2_17_x86_64.whl", hash = "sha256:a9348c5b43a3bb5ef8c2e89d5237c9c87eeafb01d338c84a7aebbc5cd0313299"},
    {file = "psycopg_binary-3.3.6-cp310-cp310-manylinux_2_27_aarch64.manylinux_2_28_aarch64.whl", hash = "sha256:0a52991594ac4db888c7d39bccef331797e30cb31a95cae02cf2607f83a42dc2"},
    {file = "psycopg_binary-3.3.6-cp310-cp310-manylinux_2_38_riscv64.manylinux_2_39_riscv64.whl", hash = "sha256:5ea8beeb5541780b4b50b462eeacbc4f594ce3b911dc20c81c75f267876f71d2"},
    {file = "psycopg_binary-3.3.6-cp310-cp310-musllinux_1_2_aarch64.whl", hash = "sha256:198a48e68cc99ccac03ba95ac857e73aa66f3bf6be77019fafb0832a05f7ad03"},
    {file = "psycopg_binary-3.3.6-cp310-cp310-musllinux_1_2_ppc64le.whl", hash = "sha256:fa34eb47969297471db7b7f193622c7e3ee839ec05abd05f1fe104d5b1b1dcf4"},
    {file = "psycopg_binary-3.3.6-cp310-cp310-musllinux_1_2_riscv64.whl", hash = "sha256:b979a42815410432420275412633960807178b1ce26591a16ce06e78a5bd4bb2"},
    {file = "psycopg_binary-3.3.6-cp310-cp310-musllinux_1_2_x86_64.whl", hash = "sha256:889e42acec10450185e0cdfb396f375e2c1a8d7737c114830a7fde4654f59e30"},
    {file = "psycopg_binary-3.3.6-cp310-cp310-win_amd64.whl", hash = "sha256:cbd5f73073ed19c378d4c35499db1e3e703a5b1a324e521204065967bfaa7a18"},
    {file = "psycopg_binary-3.3.6-cp311-cp311-macosx_10_9_x86_64.whl", hash = "sha256:be4f9b3c9338ac5dd217c5847e21521b396c8117f78dc420d495a5c49bbef874"},
    {file = "psycopg_binary-3.3.6-cp311-cp311-macosx_11_0_arm64.whl", hash = "sha256:f0535693ce476a722b718b002d5d2c27d47e71ca945276ac194409c98e74c492"},
    {file = "psycopg_binary-3.3.6-cp311-cp311-manylinux2014_ppc64le.manylinux_2_17_ppc64le.whl", hash = "sha256:3c9e663b2e800e3218994cf948c11bcc2844e6491b34aa80d089baf6531827bf"},
    {file = "psycopg_binary-3.3.6-cp311-cp311-manylinux2014_x86_64.manylinux_2_17_x86_64.whl", hash = "sha256:a2e44a342d2aee40508e28a563d8961c39d9bbd8cae36d8578f0a3c6658aab0f"},
    {file = "psycopg_binary-3.3.6-cp311-cp311-manylinux_2_27_aarch64.manylinux_2_28_aarch64.whl", hash = "sha256:5f598f19fa9a91540b5cee17932ffd227b7b53a481605bcc4573c0eafa647300"},
    {file = "psycopg_binary-3.3.6-cp311-cp311-manylinux_2_38_riscv64.manylinux_2_39_riscv64.whl", hash = "sha256:6ff05561e4a067d35507dc5c90f1deb2ec1c9703ac5cccc1bc26e08a197f9c5a"},
    {file = "psycopg_binary-3.3.6-cp311-cp311-musllinux_1_2_aarch64.whl", hash = "sha256:566dd827f17728efdf7d88a5b066f815170f6fdad13967ae952842d90e6aaa9f"},
    {file = "psycopg_binary-3.3.6-cp311-cp311-musllinux_1_2_ppc64le.whl", hash = "sha256:9b2f11794e017ce340934e35de46181c46ef71ec75ea3d85dd75cd836761c01e"},
    {file = "psycopg_binary-3.3.6-cp311-cp311-musllinux_1_2_riscv64.whl", hash = "sha256:910ace140e3e7b7596898d083f37a8fe90c5c40684252ad4e682364b2cd3deba"},
    {file = "psycopg_binary-3.3.6-cp311-cp311-musllinux_1_2_x86_64.whl", hash = "sha256:37e517c146b185f9c0c6e8d0a0ebbdeeeb67896af28466e032bc810d0c7dc7a7"},
    {file = "psycopg_binary-3.3.6-cp311-cp311-win_amd64.whl", hash = "sha256:c7f92daa0d2a1c76f07264abddf8cbabd30152a2f09c3270e50f0c7efdf5dcac"},
    {file = "psycopg_binary-3.3.6-cp312-cp312-macosx_10_13_x86_64.whl", hash = "sha256:3f84dab25e0385692ee13274c68678377e0b1a70ab9d14e56264cbf61f60c62d"},
    {file = "psycopg_binary-3.3.6-cp312-cp312-macosx_11_0_arm64.whl", hash = "sha256:612382ac3ed13651c7fa44b5fee9fbf7baaa2ddbc6f500391672682c5f1df9e0"},
    {file = "psycopg_binary-3.3.6-cp312-cp312-manylinux2014_ppc64le.manylinux_2_17_ppc64le.whl", hash = "sha256:366db6e97e66b37211475f20c4c1324a2dc0dd825e46d4e87f9d599304d276f9"},
    {file = "psycopg_binary-3.3.6-cp312-cp312-manylinux2014_x86_64.manylinux_2_17_x86_64.whl", hash = "sha256:1679a1cb93fbe5a6d1fd58d82cbddcc6fcb8c61446ba7cae6eb2a7b19bc585de"},
    {file = "psycopg_binary-3.3.6-cp312-cp312-manylinux_2_27_aarch64.manylinux_2_28_aarch64.whl", hash = "sha256:37d40450659401600e6d043ff586c89a71a69f33cbb8bcdba6cdb2569beecdbe"},
    {file = "psycopg_binary-3.3.6-cp312-cp312-manylinux_2_38_riscv64.manylinux_2_39_riscv64.whl", hash = "sha256:a5165300324efd5a772c48a88ab3a928513ab3979fca76553e62ee815f7b2b9c"},
    {file = "psycopg_binary-3.3.6-cp312-cp312-musllinux_1_2_aarch64.whl", hash = "sha256:d636338c8f21b0df2f84657b00bc34f9313f826ef93f1155bc743607e4a0c5eb"},
    {file = "psycopg_binary-3.3.6-cp312-cp312-musllinux_1_2_ppc64le.whl", hash = "sha256:a4ee3bdd5468a725f2a4d9aab8a74b6d0279f768c8b5d3aeb102c5307ff3d59c"},
    {file = "psycopg_binary-3.3.6-cp312-cp312-musllinux_1_2_riscv64.whl", hash = "sha256:289aadd6a00e151203c081f708348ec89f1e483c9b510ef4ac3981f847f01f79"},
    {file = "psycopg_binary-3.3.6-cp312-cp312-musllinux_1_2_x86_64.whl", hash = "sha256:f21d057f3e5f5491067e5b292498073b73847d48799b099803fef100775fcc52"},
    {file = "psycopg_binary-3.3.6-cp312-cp312-win_amd64.whl", hash = "sha256:e23a66a763fbe83fcc210bc77c27e5a5ea380ebf091c06f34d8561b695e5a40f"},
    {file = "psycopg_binary-3.3.6-cp313-cp313-macosx_10_13_x86_64.whl", hash = "sha256:5ad8f35e67cc16d1fad1fa8c88972dc9b3a3141ea67897399904edab96a301b6"},
    {file = "psycopg_binary-3.3.6-cp313-cp313-macosx_11_0_arm64.whl", hash = "sha256:373704aea331d3f3e3402c125a1543f5875e2986ebb54f97d1647942161f803f"},
    {file = "psycopg_binary-3.3.6-cp313-cp313-manylinux2014_ppc64le.manylinux_2_17_ppc64le.whl", hash = "sha256:b82491019b884d62318b5f30706c3d7e6d4e5a6cb7eabcb3edc0c1b0fdaceae9"},
    {file = "psycopg_binary-3.3.6-cp313-cp313-manylinux2014_x86_64.manylinux_2_17_x86_64.whl", hash = "sha256:cec5ea900390897d0b46130f60bc2883bf19c314f9044235217c8be88b0ef269"},
    {file = "psycopg_binary-3.3.6-cp313-cp313-manylinux_2_27_aarch64.manylinux_2_28_aarch64.whl", hash = "sha256:98c02090d88f2ebc0ec1e8da538f77d225ce0fffecf372aa39262e62a1b054ef"},
    {file = "psycopg_binary-3.3.6-cp313-cp313-manylinux_2_38_riscv64.manylinux_2_39_riscv64.whl", hash = "sha256:ee2c4728c691245e24501fcd7a97b5b381236b9985bc445bba88cdce7d1b5784"},
    {file = "psycopg_binary-3.3.6-cp313-cp313-musllinux_1_2_aarch64.whl", hash = "sha256:f19cc87343eaa55255e76b31259a570072ac95d6ae82c92dd34b97691f5e49dc"},
    {file = "psycopg_binary-3.3.6-cp313-cp313-musllinux_1_2_ppc64le.whl", hash = "sha256:fdccb3a0e184b03e9baa673b15a809cf36c339c85dbda0ebc25a698846dfbee8"},
    {file = "psycopg_binary-3.3.6-cp313-cp313-musllinux_1_2_riscv64.whl", hash = "sha256:9892188bb15e5803beb51afe8a25add6b56be391a53058e8bca03b74e1e6bf22"},
    {file = "psycopg_binary-3.3.6-cp313-cp313-musllinux_1_2_x86_64.whl", hash = "sha256:3af90f92769d8cc10f94515ee7a0aef36ea85ca733a0ce22858f6e0953f41138"},
    {file = "psycopg_binary-3.3.6-cp313-cp313-win_amd64.whl", hash = "sha256:0ebfad5d131de9f892ae9e70cc7616207768b6714b66a52d4612b8ceaf78b372"},
    {file = "psycopg_binary-3.3.6-cp314-cp314-macosx_10_15_x86_64.whl", hash = "sha256:b3f75dee0f9afafabe4edc52c4842f1e1878ed2069bd05b22d6fe961e97e4dba"},
    {file = "psycopg_binary-3.3.6-cp314-cp314-macosx_11_0_arm64.whl", hash = "sha256:5927b7ba63153cd8e9862987290a2b783a5c590daf2a4ef981700cc3569166d4"},
    {file = "psycopg_binary-3.3.6-cp314-cp314-manylinux2014_ppc64le.manylinux_2_17_ppc64le.whl", hash = "sha256:0bf08b749cc144f33b44a91b78e3f71c60eb07963746a0df5a100b36ce3d7475"},
    {file = "psycopg_binary-3.3.6-cp314-cp314-manylinux2014_x86_64.manylinux_2_17_x86_64.whl", hash = "sha256:31cd942c23f613276b81a6e6598cefa12960058b0f46e1e874b540c793f6aca5"},
    {file = "psycopg_binary-3.3.6-cp314-cp314-manylinux_2_27_aarch64.manylinux_2_28_aarch64.whl", hash = "sha256:4690cf67738f0e0e49a32aeec99bf0e4595cc2b4f1af984a4345394b1dcff91a"},
    {file = "psycopg_binary-3.3.6-cp314-cp314-manylinux_2_38_riscv64.manylinux_2_39_riscv64.whl", hash = "sha256:ad1c785e784cfd87e8436c6b7702f2d321fc39601bbaf29bc63a41a867091638"},
    {file = "psycopg_binary-3.3.6-cp314-cp314-musllinux_1_2_aarch64.whl", hash = "sha256:79a2a1c3449f6c3409427078ed1cec10de79f3023cb5f2504f0597d350ad46c7"},
    {file = "psycopg_binary-3.3.6-cp314-cp314-musllinux_1_2_ppc64le.whl", hash = "sha256:86147cb5d140341c3363fb5bacce31f8d5543902a46699d3c536b101bbceaf9e"},
    {file = "psycopg_binary-3.3.6-cp314-cp314-musllinux_1_2_riscv64.whl", hash = "sha256:7308c93cf0b19bbaf8e6ff0a6ad50d3c442385739245fe15a8d593bf841734a6"},
    {file = "psycopg_binary-3.3.6-cp314-cp314-musllinux_1_2_x86_64.whl", hash = "sha256:05a83ac9fd52b9bca7cb5ab04b3691163170bd16f53defa27216ea3aa07ee781"},
    {file = "psycopg_binary-3.3.6-cp314-cp314-win_amd64.whl", hash = "sha256:1fbd30e537dab22cafdf080608f10148fe2a5f3a61294ddb5113caac8a623840"},
    {file = "psycopg_binary-3.3.6-cp315-cp315-macosx_10_15_x86_64.whl", hash = "sha256:bf8c8481d026b85dd70c5fa7dde85b2333aed0b32a2602bcd38a900cbd78a49c"},
    {file = "psycopg_binary-3.3.6-cp315-cp315-macosx_11_0_arm64.whl", hash = "sha256:b599defe9190b17e9907c8b4d114c181e702c87efcd1b8a0ad40971cdcc4634a"},
    {file = "psycopg_binary-3.3.6-cp315-cp315-manylinux2014_ppc64le.manylinux_2_17_ppc64le.whl", hash = "sha256:b8ece331509f7a975b90501f41e83ad905e4141753fedf3f2711b2bc70a8efbc"},
    {file = "psycopg_binary-3.3.6-cp315-cp315-manylinux2014_x86_64.manylinux_2_17_x86_64.whl", hash = "sha256:c61617eaae0112ca154da87ffb99b73af2c74067acac28dfb9a4455b019dff2e"},
    {file = "psycopg_binary-3.3.6-cp315-cp315-manylinux_2_27_aarch64.manylinux_2_28_aarch64.whl", hash = "sha256:c6d19cb4999d03231e8730a5f66c8f5068bc3b532677eb39dab0f600bff3e312"},
    {file = "psycopg_binary-3.3.6-cp315-cp315-manylinux_2_38_riscv64.manylinux_2_39_riscv64.whl", hash = "sha256:e8cbb54454dbf1bbf2ff08dd7693e8d94ac94b1a20f70f4b3b813d52ecb5cbc1"},
    {file = "psycopg_binary-3.3.6-cp315-cp315-musllinux_1_2_aarch64.whl", hash = "sha256:dc75da5a20951049f7b773145f998f69d181adad9c58a0ff36e0cf1d73c10e10"},
    {file = "psycopg_binary-3.3.6-cp315-cp315-musllinux_1_2_ppc64le.whl", hash = "sha256:955e3dd94da361e052d2e49acf591017158dc8f8ed2c8a42c2e3943403c39dc2"},
    {file = "psycopg_binary-3.3.6-cp315-cp315-musllinux_1_2_riscv64.whl", hash = "sha256:c7753871eb57e6a5f4646f6168590c6653073dea5e9e720b201c8875332df4c8"},
    {file = "psycopg_binary-3.3.6-cp315-cp315-musllinux_1_2_x86_64.whl", hash = "sha256:303732e798fe6729f8e12021b9c96107df8e95ecec4dd487c67b98ec2a59435e"},
    {file = "psycopg_binary-3.3.6-cp315-cp315-win_amd64.whl", hash = "sha256:2f122603f36050937982abf9668d8bc4769a79f7c93a65013b1c49f1cab7b56b"},
]

[[package]]
name = "pygments"
version = "2.20.0"
description = "Pygments is a syntax highlighting package written in Python."
optional = false
python-versions = ">=3.9"
groups = ["main", "dev"]
files = [
    {file = "pygments-2.20.0-py3-none-any.whl", hash = "sha256:81a9e26dd42fd28a23a2d169d86d7ac03b46e2f8b59ed4698fb4785f946d0176"},
    {file = "pygments-2.20.0.tar.gz", hash = "sha256:6757cd03768053ff99f3039c1a36d6c0aa0b263438fcab17520b30a303a82b5f"},
]

[package.extras]
windows-terminal = ["colorama (>=0.4.6)"]

[[package]]
name = "pymssql"
version = "2.4.4"
description = "DB-API interface to Microsoft SQL Server for Python. (new Cython-based version)"
optional = false
python-versions = ">=3.9"
groups = ["main"]
files = [
    {file = "pymssql-2.4.4-cp310-cp310-macosx_14_0_arm64.whl", hash = "sha256:88ff389672bc3356de4b5f297137ea164b86eb3be2d4f35e476b4e32e7625deb"},
    {file = "pymssql-2.4.4-cp310-cp310-macosx_15_0_x86_64.whl", hash = "sha256:5699f09c4f0e5e551d740dca8229ea0ae9a201fdfc3fe269a8967db9ec3861dc"},
    {file = "pymssql-2.4.4-cp310-cp310-manylinux_2_27_aarch64.manylinux_2_28_aarch64.whl", hash = "sha256:394fa223e531bcb4720d071c0561bd01273c4d0d01705dbd3292f73a16e64a4e"},
    {file = "pymssql-2.4.4-cp310-cp310-manylinux_2_27_x86_64.manylinux_2_28_x86_64.whl", hash = "sha256:4e6dbdc613188b060d3e6669e1a7c71245bfd29de9a78ffae180fb24904f023d"},
    {file = "pymssql-2.4.4-cp310-cp310-musllinux_1_2_aarch64.whl", hash = "sha256:6729179d8d821a1d52bad6c4eed308f91ea440a606cadf5a1ffda4f22378cf08"},
    {file = "pymssql-2.4.4-cp310-cp310-musllinux_1_2_x86_64.whl", hash = "sha256:d21da5f34c85c6d97cc036490acb974ec68610eab6da0477d2f5c513abc145f8"},
    {file = "pymssql-2.4.4-cp310-cp310-win_amd64.whl", hash = "sha256:c5c317e05124f6388249d8812480eef55d78db9d300c3d098a46101d6d61761c"},
    {file = "pymssql-2.4.4-cp311-cp311-macosx_14_0_arm64.whl", hash = "sha256:db24af7e4185d4219b424617c7d8f831423ed8b48929d1f1d43cccd907a87b75"},
    {file = "pymssql-2.4.4-cp311-cp311-macosx_15_0_x86_64.whl", hash = "sha256:d6ccd0e323ece21a14c1364065fe9bc3176dbd03870557bd974ad37e80961830"},
    {file = "pymssql-2.4.4-cp311-cp311-manylinux_2_27_aarch64.manylinux_2_28_aarch64.whl", hash = "sha256:f98936558f5a588fd26b89e020f80b8e7c7f8d7df3a8e239405dcedf5de88dea"},
    {file = "pymssql-2.4.4-cp311-cp311-manylinux_2_27_x86_64.manylinux_2_28_x86_64.whl", hash = "sha256:8035874c7d12b83c54931cc014c761229fe480c30fc0793c0b7966496c80f530"},
    {file = "pymssql-2.4.4-cp311-cp311-musllinux_1_2_aarch64.whl", hash = "sha256:cfa2504e280e54961508de51c7e7122ef309c74d609118e365821a444220df61"},
    {file = "pymssql-2.4.4-cp311-cp311-musllinux_1_2_x86_64.whl", hash = "sha256:e459565167cffb0f2a82aed3175cd7e50e6697457bf863f7b82dd00cc4993032"},
    {file = "pymssql-2.4.4-cp311-cp311-win_amd64.whl", hash = "sha256:6ae241b1f57a543111cde534f3e379c2df1ea3064ecb16e1fdd4200388dd9948"},
    {file = "pymssql-2.4.4-cp312-cp312-macosx_14_0_arm64.whl", hash = "sha256:860446859caba331dd3b2580f2f384f64f3c536a6b20c1b90261078b22868ab0"},
    {file = "pymssql-2.4.4-cp312-cp312-macosx_15_0_x86_64.whl", hash = "sha256:50d74b1171da25b0d9bb09f0186995e28bda02a65f95ccf4a3fcf28b204943a1"},
    {file = "pymssql-2.4.4-cp312-cp312-manylinux_2_27_aarch64.manylinux_2_28_aarch64.whl", hash = "sha256:0090e3684cc6a1198c84cb59945f6182806c2fdaa24442e6a0b06154d5b3a31d"},
    {file = "pymssql-2.4.4-cp312-cp312-manylinux_2_27_x86_64.manylinux_2_28_x86_64.whl", hash = "sha256:f887aed9155f0ba8ba49ef06cdf259a7c0ebce329c978930dcdcbbc901ca4d98"},
    {file = "pymssql-2.4.4-cp312-cp312-musllinux_1_2_aarch64.whl", hash = "sha256:e8d5e01fd4ed17274e0005082ce47fae1993681a1b2b05beceb9ef77d130579d"},
    {file = "pymssql-2.4.4-cp312-cp312-musllinux_1_2_x86_64.whl", hash = "sha256:bd67b469836dc69979b13d977724377942611e8b8e4aa6896ea7a53139a15a99"},
    {file = "pymssql-2.4.4-cp312-cp312-win_amd64.whl", hash = "sha256:af196a9f57e06745e4dc956dae801faab853240836b9047d9068c1d4020b6b69"},
    {file = "pymssql-2.4.4-cp313-cp313-macosx_14_0_arm64.whl", hash = "sha256:f255f76f543d90eb0b471e252b0b0e2858033138f20f5ce261a9195105e6ed7e"},
    {file = "pymssql-2.4.4-cp313-cp313-macosx_15_0_x86_64.whl", hash = "sha256:4fdaf0c55c49be5488ba515788b2d36a27763b0b8b345aa483b9fd3bd9a95563"},
    {file = "pymssql-2.4.4-cp313-cp313-manylinux_2_27_aarch64.manylinux_2_28_aarch64.whl", hash = "sha256:19a5af6797232e9c4eb396f86bc3779ff237b224e2eadc81486699762f36d62e"},
    {file = "pymssql-2.4.4-cp313-cp313-manylinux_2_27_x86_64.manylinux_2_28_x86_64.whl", hash = "sha256:12150aae35d961986d1ffa6550cac70349798ffefea9d4403a9a9943e1b6d394"},
    {file = "pymssql-2.4.4-cp313-cp313-musllinux_1_2_aarch64.whl", hash = "sha256:e6c0d774d3aad54df6f7c428dad346f718704eeca9ccc270f8e4499ecc2e9f39"},
    {file = "pymssql-2.4.4-cp313-cp313-musllinux_1_2_x86_64.whl", hash = "sha256:59e47602c4c9c5c221cba8bc9e44f1cbe0343ec23dbce63243065a4b7979e4dc"},
    {file = "pymssql-2.4.4-cp313-cp313-win_amd64.whl", hash = "sha256:405823931c3dc51ad5442f8a04a0e17cddefa0c215684605d9e5c137b6f758a9"},
    {file = "pymssql-2.4.4-cp314-cp314-macosx_14_0_arm64.whl", hash = "sha256:a8a35ffddbe3d5320fd5b113e9d3cf6f4876be2ca155c3618a048850c6d420b4"},
    {file = "pymssql-2.4.4-cp314-cp314-macosx_15_0_x86_64.whl", hash = "sha256:c070f5b97466daaae2dbd55643fe3de9951bb736e80aaaf82a06e0e6d55a19fc"},
    {file = "pymssql-2.4.4-cp314-cp314-manylinux_2_27_aarch64.manylinux_2_28_aarch64.whl", hash = "sha256:4b7a5766d4b2898e791646196af4ad8618a601029396dd13bf1317280c525599"},
    {file = "pymssql-2.4.4-cp314-cp314-manylinux_2_27_x86_64.manylinux_2_28_x86_64.whl", hash = "sha256:cc0fa1e68694d15ac8fee064cf6674053eacd51892fb8538cf3a703cac0a561c"},
    {file = "pymssql-2.4.4-cp314-cp314-musllinux_1_2_aarch64.whl", hash = "sha256:3f039045feec1b0c60c9266fb27e3d39b4bcf8e69eee7485d7c4ead7adfc56b3"},
    {file = "pymssql-2.4.4-cp314-cp314-musllinux_1_2_x86_64.whl", hash = "sha256:f5731261eec9761ea76fbb517834c2ee5e3ae6f689e8bc517923264a4886a184"},
    {file = "pymssql-2.4.4-cp314-cp314-win_amd64.whl", hash = "sha256:e86cb1d1ae4c6fc27fd0c0c3c2409d15c3bb9ba2dede52c4633eb8209f2081c4"},
    {file = "pymssql-2.4.4-cp314-cp314t-macosx_14_0_arm64.whl", hash = "sha256:7e6b0105dc5c3648095c528ab08704f49f0cdd3f3f6cbca8a3c317f11aeab281"},
    {file = "pymssql-2.4.4-cp314-cp314t-macosx_15_0_x86_64.whl", hash = "sha256:8dc95ccb06863883015e8340cfb2c7e1ca889ab789c7109326de3231412149a4"},
    {file = "pymssql-2.4.4-cp314-cp314t-manylinux_2_27_aarch64.manylinux_2_28_aarch64.whl", hash = "sha256:4ef6906a637106141f316f3215b9772104da52409b3b1b860baecf086ef9365d"},
    {file = "pymssql-2.4.4-cp314-cp314t-manylinux_2_27_x86_64.manylinux_2_28_x86_64.whl", hash = "sha256:ae93ad536e7b0b912e0356354ffef7d0f2688251f37d28ec31906c59dae7e088"},
    {file = "pymssql-2.4.4-cp314-cp314t-musllinux_1_2_aarch64.whl", hash = "sha256:484f02d2ed27c47d90d72a2dde50afe6d1274e6698f38538dffbd53bc4701ca6"},
    {file = "pymssql-2.4.4-cp314-cp314t-musllinux_1_2_x86_64.whl", hash = "sha256:8f9e423685beb39f8568c6bb5ef7b6945bc10289e0369e66e9498a85255924aa"},
    {file = "pymssql-2.4.4-cp314-cp314t-win_amd64.whl", hash = "sha256:4404ff0d9e7b0593ad7039b037a01d6a34d7b9797017187f197384ac24b981e0"},
    {file = "pymssql-2.4.4-cp315-cp315-macosx_14_0_arm64.whl", hash = "sha256:4d46d723be19f1a103979d2d42ab720b218be8c536a757cbe017a4a82141d274"},
    {file = "pymssql-2.4.4-cp315-cp315-macosx_15_0_x86_64.whl", hash = "sha256:72b3f34b5239dab8d87e47ad025cde11fea80fc48dbd3951a9bc5fcbe03b1ec9"},
    {file = "pymssql-2.4.4-cp315-cp315-manylinux_2_27_aarch64.manylinux_2_28_aarch64.whl", hash = "sha256:0155c4bd8751eb6ca89c07dd0cd6a2b1a7d063efb6048a01489527239e10c5f5"},
    {file = "pymssql-2.4.4-cp315-cp315-manylinux_2_27_x86_64.manylinux_2_28_x86_64.whl", hash = "sha256:3dbc9f285a938f8642c8a138bcbb4a2ff002c5412521cc4093a149b21366d611"},
    {file = "pymssql-2.4.4-cp315-cp315-musllinux_1_2_aarch64.whl", hash = "sha256:604681336a1aeb716f3decbee51edb7de0d9c81402f18560e4d575787df61921"},
    {file = "pymssql-2.4.4-cp315-cp315-musllinux_1_2_x86_64.whl", hash = "sha256:89b69fd2f77f51552760d42941d04bfff79ff51211a6313de6a25c8d5aa31685"},
    {file = "pymssql-2.4.4-cp315-cp315-win_amd64.whl", hash = "sha256:b44e4f781eac5119061eb4478e6025dc05da98db029df185522eb3c38a5cdf2f"},
    {file = "pymssql-2.4.4-cp315-cp315t-macosx_14_0_arm64.whl", hash = "sha256:db8c0d04afa884b57e19d45b025b10767ee7aaa5e5ed9758e536062319822cb9"},
    {file = "pymssql-2.4.4-cp315-cp315t-macosx_15_0_x86_64.whl", hash = "sha256:8541a520f0355e31d7b1ca30829dc383ce1ab4530dc6513d8fad97e791aba07f"},
    {file = "pymssql-2.4.4-cp315-cp315t-manylinux_2_27_aarch64.manylinux_2_28_aarch64.whl", hash = "sha256:6606a68ba05f467d7d4ed6e979a962eca84fe57adb74957acb1ed62953387d1f"},
    {file = "pymssql-2.4.4-cp315-cp315t-manylinux_2_27_x86_64.manylinux_2_28_x86_64.whl", hash = "sha256:eafb731d8fdec7800fa738c4b88062eb712c742caa87acc953654e5a9ab7484f"},
    {file = "pymssql-2.4.4-cp315-cp315t-musllinux_1_2_aarch64.whl", hash = "sha256:6651063f5ec2ab7be80ccaff7442de17e32ad6d7cc9b6cbda66b9b0ba8b3bc90"},
    {file = "pymssql-2.4.4-cp315-cp315t-musllinux_1_2_x86_64.whl", hash = "sha256:51bb4f577da737a06532d8e3292d578a5aaec942c1461e05735c2b57471c91c5"},
    {file = "pymssql-2.4.4-cp315-cp315t-win_amd64.whl", hash = "sha256:54bccdd09ff7714b691cb06c9b9d121424ad0338e20ab9ca027814765033174a"},
    {file = "pymssql-2.4.4-cp39-cp39-macosx_14_0_arm64.whl", hash = "sha256:76bd144ce103da269bbe0093ed804d68fba14de81b70d6cffc778a24482db376"},
    {file = "pymssql-2.4.4-cp39-cp39-macosx_15_0_x86_64.whl", hash = "sha256:3a60bdbc0904594aa7fdfd9490fcf68698f7b6c624939d484a3bc514c9dc2ff8"},
    {file = "pymssql-2.4.4-cp39-cp39-manylinux_2_27_aarch64.manylinux_2_28_aarch64.whl", hash = "sha256:8f5655d3752edecec409b1d1d9c16cf9bd6b390ebff6f4c6fe891b8ddb86b4e2"},
    {file = "pymssql-2.4.4-cp39-cp39-manylinux_2_27_x86_64.manylinux_2_28_x86_64.whl", hash = "sha256:002bd567fc0d5d1273ad4e565b9908a65a803e8910bc21e34367fc22f26297f8"},
    {file = "pymssql-2.4.4-cp39-cp39-musllinux_1_2_aarch64.whl", hash = "sha256:29dcbb0e9f52bdf776523b42606e03357658cd24d81d77e76a71016f9be7e05c"},
    {file = "pymssql-2.4.4-cp39-cp39-musllinux_1_2_x86_64.whl", hash = "sha256:69c5bac9fc47b8b5b88d0e24309ca8fee21e92d0e4e2b301c1b76c3d30097872"},
    {file = "pymssql-2.4.4-cp39-cp39-win_amd64.whl", hash = "sha256:53a3f5557796a51734d943b4053cf9282b6fd900729e5ba6ba24a0884dbea563"},
    {file = "pymssql-2.4.4.tar.gz", hash = "sha256:6cd20778ca0e01bb5783c6d65fd2d2f2f5ca520015a4f86930d2a58ac72a0e3e"},
]

[[package]]
name = "pymysql"
version = "1.2.3"
description = "Pure Python MySQL Driver"
optional = false
python-versions = ">=3.9"
groups = ["main"]
files = [
    {file = "pymysql-1.2.3-py3-none-any.whl", hash = "sha256:14f1c68e2ed859243ae5ca41ffbe677027fc46bc136a9f0be8a4e928e5e7415a"},
    {file = "pymysql-1.2.3.tar.gz", hash = "sha256:d5b288529782e536ae171866df3ca9dc4f6cbfb3cc2f18e6f837fbb90dbc262b"},
]

[package.extras]
ed25519 = ["PyNaCl (>=1.6.2)"]
rsa = ["cryptography (>=46.0.7)"]

[[package]]
name = "pytest"
version = "9.1.1"
description = "pytest: simple powerful testing with Python"
optional = false
python-versions = ">=3.10"
groups = ["dev"]
files = [
    {file = "pytest-9.1.1-py3-none-any.whl", hash = "sha256:37a86b45efb9a47a61a36449063e8e18d0cab3161329fc099eb21783169c4f0c"},
    {file = "pytest-9.1.1.tar.gz", hash = "sha256:1088fbde8f2b49d95a549a195707afa7a76a3ce9bcadc26b6d71f0ffda5fe313"},
]

[package.dependencies]
colorama = {version = ">=0.4", markers = "sys_platform == \"win32\""}
iniconfig = ">=1.0.1"
packaging = ">=22"
pluggy = ">=1.5,<2"
pygments = ">=2.7.2"

[package.extras]
dev = ["argcomplete", "attrs (>=19.2)", "hypothesis (>=3.56)", "mock", "requests", "setuptools", "xmlschema"]

[[package]]
name = "pytest-mock"
version = "3.16.0"
description = "Thin-wrapper around the mock package for easier use with pytest"
optional = false
python-versions = ">=3.10"
groups = ["dev"]
files = [
    {file = "pytest_mock-3.16.0-py3-none-any.whl", hash = "sha256:007cfeb257801d88d9c0b2a7b5a15a15e73b71968dfd72e7bf8c4a2f8393aec8"},
    {file = "pytest_mock-3.16.0.tar.gz", hash = "sha256:5a8395528b8f498205f3718f575228d0edaed7425fff638f87d1a6c3e0383636"},
]

[package.dependencies]
pytest = ">=6.2.5"

[package.extras]
dev = ["pre-commit", "pytest-asyncio", "tox"]

[[package]]
name = "questionary"
version = "2.1.1"
description = "Python library to build pretty command line user prompts ⭐️"
optional = false
python-versions = ">=3.9"
groups = ["main"]
files = [
    {file = "questionary-2.1.1-py3-none-any.whl", hash = "sha256:a51af13f345f1cdea62347589fbb6df3b290306ab8930713bfae4d475a7d4a59"},
    {file = "questionary-2.1.1.tar.gz", hash = "sha256:3d7e980292bb0107abaa79c68dd3eee3c561b83a0f89ae482860b181c8bd412d"},
]

[package.dependencies]
prompt_toolkit = ">=2.0,<4.0"

[[package]]
name = "rclone-python"
version = "0.1.25"
description = "A python wrapper for rclone."
optional = false
python-versions = ">=3.6"
groups = ["main"]
files = [
    {file = "rclone_python-0.1.25-py3-none-any.whl", hash = "sha256:d0966d599adcff3574655eb71678db3625d00f92160ed6ba4291bd0f9d61175d"},
    {file = "rclone_python-0.1.25.tar.gz", hash = "sha256:8f4ff961ccd51db5c5ab2cd528448f450ea2ba472b44f83346728e832bc15c4e"},
]

[package.dependencies]
rich = "*"

[[package]]
name = "rich"
version = "15.0.0"
description = "Render rich text, tables, progress bars, syntax highlighting, markdown and more to the terminal"
optional = false
python-versions = ">=3.9.0"
groups = ["main"]
files = [
    {file = "rich-15.0.0-py3-none-any.whl", hash = "sha256:33bd4ef74232fb73fe9279a257718407f169c09b78a87ad3d296f548e27de0bb"},
    {file = "rich-15.0.0.tar.gz", hash = "sha256:edd07a4824c6b40189fb7ac9bc4c52536e9780fbbfbddf6f1e2502c31b068c36"},
]

[package.dependencies]
markdown-it-py = ">=2.2.0"
pygments = ">=2.13.0,<3.0.0"

[package.extras]
jupyter = ["ipywidgets (>=7.5.1,<9)"]

[[package]]
name = "ruff"
version = "0.17.0"
description = "An extremely fast Python linter and code formatter, written in Rust."
optional = false
python-versions = ">=3.7"
groups = ["dev"]
files = [
    {file = "ruff-0.17.0-py3-none-linux_armv6l.whl", hash = "sha256:0e271826af9a20d18c6cfae8c51e82959167c24859686ddd3eb9a7f0842ce81e"},
    {file = "ruff-0.17.0-py3-none-macosx_10_12_x86_64.whl", hash = "sha256:5f0ca4a40f81403689c04f12966e22f44e329ae362072d8f1587b7bda87f603b"},
    {file = "ruff-0.17.0-py3-none-macosx_11_0_arm64.whl", hash = "sha256:cbf7149e0927dc3295d5d64679a4765576eef71b00782b2ae969ef82274d6bb9"},
    {file = "ruff-0.17.0-py3-none-manylinux_2_17_aarch64.manylinux2014_aarch64.whl", hash = "sha256:13ee90156522998c3037059d8f66885c8adeeaf7643bdce2caceee196ecd23e0"},
    {file = "ruff-0.17.0-py3-none-manylinux_2_17_armv7l.manylinux2014_armv7l.whl", hash = "sha256:3d8e4a002a94cd9d0dc48b51dc69d807a172b5b9bf2b668e656424dc5b55ead1"},
    {file = "ruff-0.17.0-py3-none-manylinux_2_17_i686.manylinux2014_i686.whl", hash = "sha256:c0b8a60c06a218c337e1161638d34757f83449243e2db161483ddf948e53ad14"},
    {file = "ruff-0.17.0-py3-none-manylinux_2_17_ppc64le.manylinux2014_ppc64le.whl", hash = "sha256:a330178bdffc4205dbf3bda11d93e059e388fd6546f8cdd304501a9160363c0d"},
    {file = "ruff-0.17.0-py3-none-manylinux_2_17_s390x.manylinux2014_s390x.whl", hash = "sha256:7bb08489e234876fa2da67ae3ea938e9a2156da80293e0e4365abd6973d98329"},
    {file = "ruff-0.17.0-py3-none-manylinux_2_17_x86_64.manylinux2014_x86_64.whl", hash = "sha256:bc73e7c133e82d55b5f15897b2a442d72c0cb4a0c886c46801ce3c247150b60c"},
    {file = "ruff-0.17.0-py3-none-manylinux_2_31_riscv64.whl", hash = "sha256:db4f74c533403ab70fe4007873f6ae0c9f94a8b03158cf48d78788e47cdbe399"},
    {file = "ruff-0.17.0-py3-none-musllinux_1_2_aarch64.whl", hash = "sha256:3d8cc360e666d1914e47b0777c6906d70cf18891a55532bd0a16844195d70859"},
    {file = "ruff-0.17.0-py3-none-musllinux_1_2_armv7l.whl", hash = "sha256:d66de796b726c4801e05fa99a2a8d7a780e107be222486c304ab61765561e866"},
    {file = "ruff-0.17.0-py3-none-musllinux_1_2_i686.whl", hash = "sha256:c3f268baf004aea944f040623327119527ea231af15f7fb7890e82cea0679589"},
    {file = "ruff-0.17.0-py3-none-musllinux_1_2_x86_64.whl", hash = "sha256:864b6c1acb6b0bccf94b5a3938a1531fd09aaca5e5659a2e7bf0f3cf2a685540"},
    {file = "ruff-0.17.0-py3-none-win32.whl", hash = "sha256:5e50aa5b84decd9fe5b0bb0e6f71c3b592f1767ed09faa4b7207d933961e35cd"},
    {file = "ruff-0.17.0-py3-none-win_amd64.whl", hash = "sha256:8ab76bcda86dfd28e13776cb5de3c7bcdcf1ae3d37ed761113d1a5a415dc134c"},
    {file = "ruff-0.17.0-py3-none-win_arm64.whl", hash = "sha256:c154c73ff43f9854395e24cac507af13078962e53d2b511605058d22af1fdb88"},
    {file = "ruff-0.17.0.tar.gz", hash = "sha256:5cd03240d8208a557c2a9655a5cb07ebe36aa6bb35065f97d48c1f6adef5a322"},
]

[[package]]
name = "shellingham"
version = "1.5.4"
description = "Tool to Detect Surrounding Shell"
optional = false
python-versions = ">=3.7"
groups = ["main"]
files = [
    {file = "shellingham-1.5.4-py2.py3-none-any.whl", hash = "sha256:7ecfff8f2fd72616f7481040475a65b2bf8af90a56c89140852d1120324e8686"},
    {file = "shellingham-1.5.4.tar.gz", hash = "sha256:8dbca0739d487e5bd35ab3ca4b36e11c4078f3a234bfce294b0a0291363404de"},
]

[[package]]
name = "typer"
version = "0.27.3"
description = "Typer, build great CLIs. Easy to code. Based on Python type hints."
optional = false
python-versions = ">=3.10"
groups = ["main"]
files = [
    {file = "typer-0.27.3-py3-none-any.whl", hash = "sha256:e50022f28b82a86313e54501317a1db64bf8f8d036ff8cfe5ca7e47675454aff"},
    {file = "typer-0.27.3.tar.gz", hash = "sha256:d0396f770a560ab1b0a8504e13b5f254b728cedb05c61cf0359e944e50ce8901"},
]

[package.dependencies]
annotated-doc = ">=0.0.2"
colorama = {version = "*", markers = "platform_system == \"Windows\""}
rich = ">=13.8.0"
shellingham = ">=1.3.0"

[[package]]
name = "tzdata"
version = "2026.2"
description = "Provider of IANA time zone data"
optional = false
python-versions = ">=2"
groups = ["main"]
markers = "sys_platform == \"win32\""
files = [
    {file = "tzdata-2026.2-py2.py3-none-any.whl", hash = "sha256:bbe9af844f658da81a5f95019480da3a89415801f6cc966806612cc7169bffe7"},
    {file = "tzdata-2026.2.tar.gz", hash = "sha256:9173fde7d80d9018e02a662e168e5a2d04f87c41ea174b139fbef642eda62d10"},
]

[[package]]
name = "wcwidth"
version = "0.8.2"
description = "Measures the displayed width of unicode strings in a terminal"
optional = false
python-versions = ">=3.8"
groups = ["main"]
files = [
    {file = "wcwidth-0.8.2-py3-none-any.whl", hash = "sha256:d63947694a0539a1d51e01eda7caf800c291020e6cdd7e28ad7b14dd33ad4f85"},
    {file = "wcwidth-0.8.2.tar.gz", hash = "sha256:91fbef97204b96a3d4d421609b80340b760cf33e26da123ff243d76b1fda8dda"},
]

[metadata]
lock-version = "2.1"
python-versions = ">=3.13"
content-hash = "eecd530d3d5cc428a37cf5f89f77b8810031055c77ad77b6627d5057a1fde9fb"
